
Microsoft Visual Studio Solution File, Format Version 12.00
# Visual Studio Version 17
VisualStudioVersion = 17.9.34902.65
MinimumVisualStudioVersion = 10.0.40219.1
Project("{FAE04EC0-301F-11D3-BF4B-00C04F79EFBC}") = "GoHardAPI", "GoHardAPI\GoHardAPI.csproj", "{A522EB21-1AD7-4569-A833-2FE6FCF71CD8}"
EndProject
Project("{FAE04EC0-301F-11D3-BF4B-00C04F79EFBC}") = "GoHardApp", "GoHardApp\GoHardApp.csproj", "{A2F1889B-BCF5-40E4-94CD-6F9638E68E73}"
EndProject
Global
	GlobalSection(SolutionConfigurationPlatforms) = preSolution
		Debug|Any CPU = Debug|Any CPU
		Release|Any CPU = Release|Any CPU
	EndGlobalSection
	GlobalSection(ProjectConfigurationPlatforms) = postSolution
		{A522EB21-1AD7-4569-A833-2FE6FCF71CD8}.Debug|Any CPU.ActiveCfg = Debug|Any CPU
		{A522EB21-1AD7-4569-A833-2FE6FCF71CD8}.Debug|Any CPU.Build.0 = Debug|Any CPU
		{A522EB21-1AD7-4569-A833-2FE6FCF71CD8}.Release|Any CPU.ActiveCfg = Release|Any CPU
		{A522EB21-1AD7-4569-A833-2FE6FCF71CD8}.Release|Any CPU.Build.0 = Release|Any CPU
		{A2F1889B-BCF5-40E4-94CD-6F9638E68E73}.Debug|Any CPU.ActiveCfg = Debug|Any CPU
		{A2F1889B-BCF5-40E4-94CD-6F9638E68E73}.Debug|Any CPU.Build.0 = Debug|Any CPU
		{A2F1889B-BCF5-40E4-94CD-6F9638E68E73}.Release|Any CPU.ActiveCfg = Release|Any CPU
		{A2F1889B-BCF5-40E4-94CD-6F9638E68E73}.Release|Any CPU.Build.0 = Release|Any CPU
	EndGlobalSection
	GlobalSection(SolutionProperties) = preSolution
		HideSolutionNode = FALSE
	EndGlobalSection
	GlobalSection(ExtensibilityGlobals) = postSolution
		SolutionGuid = {D32614F6-7F13-43D5-88B9-081742058BFD}
	EndGlobalSection
EndGlobal
